
Microsoft Visual Studio Solution File, Format Version 12.00
# Visual Studio Version 17
VisualStudioVersion = 17.0.31903.59
MinimumVisualStudioVersion = 10.0.40219.1
Project("{9A19103F-16F7-4668-BE54-9A1E7A4F7556}") = "SchoolControl.Repository.Db", "SchoolControl.Repository\SchoolControl.Repository.Db.csproj", "{BDFC1943-161C-4079-9904-30CFF0012795}"
EndProject
Project("{9A19103F-16F7-4668-BE54-9A1E7A4F7556}") = "SchoolControl.Api", "SchoolControl.Api\SchoolControl.Api.csproj", "{93A8351A-5757-4849-8BF5-1D0EFA28F6F1}"
EndProject
Project("{9A19103F-16F7-4668-BE54-9A1E7A4F7556}") = "SchoolControl.BusinessLayer", "SchoolControl.BusinessLayer\SchoolControl.BusinessLayer.csproj", "{A050BA23-E70B-4191-988A-9EFC90C14C64}"
EndProject
Project("{9A19103F-16F7-4668-BE54-9A1E7A4F7556}") = "SchoolControl.Core", "SchoolControl.Core\SchoolControl.Core.csproj", "{F9784307-2FDC-4AD6-95B4-0B89CAC96F4D}"
EndProject
Project("{9A19103F-16F7-4668-BE54-9A1E7A4F7556}") = "SchoolControl.Mvc", "SchoolControl.Mvc\SchoolControl.Mvc.csproj", "{290CE783-3921-4620-9DC4-24E2838855E7}"
EndProject
Global
	GlobalSection(SolutionConfigurationPlatforms) = preSolution
		Debug|Any CPU = Debug|Any CPU
		Release|Any CPU = Release|Any CPU
	EndGlobalSection
	GlobalSection(ProjectConfigurationPlatforms) = postSolution
		{BDFC1943-161C-4079-9904-30CFF0012795}.Debug|Any CPU.ActiveCfg = Debug|Any CPU
		{BDFC1943-161C-4079-9904-30CFF0012795}.Debug|Any CPU.Build.0 = Debug|Any CPU
		{BDFC1943-161C-4079-9904-30CFF0012795}.Release|Any CPU.ActiveCfg = Release|Any CPU
		{BDFC1943-161C-4079-9904-30CFF0012795}.Release|Any CPU.Build.0 = Release|Any CPU
		{93A8351A-5757-4849-8BF5-1D0EFA28F6F1}.Debug|Any CPU.ActiveCfg = Debug|Any CPU
		{93A8351A-5757-4849-8BF5-1D0EFA28F6F1}.Debug|Any CPU.Build.0 = Debug|Any CPU
		{93A8351A-5757-4849-8BF5-1D0EFA28F6F1}.Release|Any CPU.ActiveCfg = Release|Any CPU
		{93A8351A-5757-4849-8BF5-1D0EFA28F6F1}.Release|Any CPU.Build.0 = Release|Any CPU
		{A050BA23-E70B-4191-988A-9EFC90C14C64}.Debug|Any CPU.ActiveCfg = Debug|Any CPU
		{A050BA23-E70B-4191-988A-9EFC90C14C64}.Debug|Any CPU.Build.0 = Debug|Any CPU
		{A050BA23-E70B-4191-988A-9EFC90C14C64}.Release|Any CPU.ActiveCfg = Release|Any CPU
		{A050BA23-E70B-4191-988A-9EFC90C14C64}.Release|Any CPU.Build.0 = Release|Any CPU
		{F9784307-2FDC-4AD6-95B4-0B89CAC96F4D}.Debug|Any CPU.ActiveCfg = Debug|Any CPU
		{F9784307-2FDC-4AD6-95B4-0B89CAC96F4D}.Debug|Any CPU.Build.0 = Debug|Any CPU
		{F9784307-2FDC-4AD6-95B4-0B89CAC96F4D}.Release|Any CPU.ActiveCfg = Release|Any CPU
		{F9784307-2FDC-4AD6-95B4-0B89CAC96F4D}.Release|Any CPU.Build.0 = Release|Any CPU
		{290CE783-3921-4620-9DC4-24E2838855E7}.Debug|Any CPU.ActiveCfg = Debug|Any CPU
		{290CE783-3921-4620-9DC4-24E2838855E7}.Debug|Any CPU.Build.0 = Debug|Any CPU
		{290CE783-3921-4620-9DC4-24E2838855E7}.Release|Any CPU.ActiveCfg = Release|Any CPU
		{290CE783-3921-4620-9DC4-24E2838855E7}.Release|Any CPU.Build.0 = Release|Any CPU
	EndGlobalSection
	GlobalSection(SolutionProperties) = preSolution
		HideSolutionNode = FALSE
	EndGlobalSection
	GlobalSection(ExtensibilityGlobals) = postSolution
		SolutionGuid = {9E74B4BA-1325-4F27-A3EF-3958F66822CA}
	EndGlobalSection
EndGlobal
